// !$*UTF8*$!
{
	archiveVersion = 1;
	classes = {
	};
	objectVersion = 46;
	objects = {

/* Begin PBXBuildFile section */
		0417CC7B1D4DCFED006FEA04 /* TestChildVcs.mov in Resources */ = {isa = PBXBuildFile; fileRef = 0417CC7A1D4DCFED006FEA04 /* TestChildVcs.mov */; };
		6D1488631D3E332800E643EE /* main.m in Sources */ = {isa = PBXBuildFile; fileRef = 6D1488621D3E332800E643EE /* main.m */; };
		6D1488661D3E332800E643EE /* AppDelegate.m in Sources */ = {isa = PBXBuildFile; fileRef = 6D1488651D3E332800E643EE /* AppDelegate.m */; };
		6D14886C1D3E332800E643EE /* Main.storyboard in Resources */ = {isa = PBXBuildFile; fileRef = 6D14886A1D3E332800E643EE /* Main.storyboard */; };
		6D14886E1D3E332900E643EE /* Assets.xcassets in Resources */ = {isa = PBXBuildFile; fileRef = 6D14886D1D3E332900E643EE /* Assets.xcassets */; };
		6D1488711D3E332900E643EE /* LaunchScreen.storyboard in Resources */ = {isa = PBXBuildFile; fileRef = 6D14886F1D3E332900E643EE /* LaunchScreen.storyboard */; };
		6D1488841D3E333F00E643EE /* BaseViewController.m in Sources */ = {isa = PBXBuildFile; fileRef = 6D1488791D3E333F00E643EE /* BaseViewController.m */; };
		6D1488851D3E333F00E643EE /* FViewController.m in Sources */ = {isa = PBXBuildFile; fileRef = 6D14887B1D3E333F00E643EE /* FViewController.m */; };
		6D1488861D3E333F00E643EE /* ParentViewController.m in Sources */ = {isa = PBXBuildFile; fileRef = 6D14887D1D3E333F00E643EE /* ParentViewController.m */; };
		6D1488881D3E333F00E643EE /* SViewController.m in Sources */ = {isa = PBXBuildFile; fileRef = 6D1488811D3E333F00E643EE /* SViewController.m */; };
		6D1488891D3E333F00E643EE /* TViewController.m in Sources */ = {isa = PBXBuildFile; fileRef = 6D1488831D3E333F00E643EE /* TViewController.m */; };
/* End PBXBuildFile section */

/* Begin PBXFileReference section */
		0417CC7A1D4DCFED006FEA04 /* TestChildVcs.mov */ = {isa = PBXFileReference; lastKnownFileType = video.quicktime; path = TestChildVcs.mov; sourceTree = "<group>"; };
		6D14885E1D3E332800E643EE /* TestChildVcs.app */ = {isa = PBXFileReference; explicitFileType = wrapper.application; includeInIndex = 0; path = TestChildVcs.app; sourceTree = BUILT_PRODUCTS_DIR; };
		6D1488621D3E332800E643EE /* main.m */ = {isa = PBXFileReference; lastKnownFileType = sourcecode.c.objc; path = main.m; sourceTree = "<group>"; };
		6D1488641D3E332800E643EE /* AppDelegate.h */ = {isa = PBXFileReference; lastKnownFileType = sourcecode.c.h; path = AppDelegate.h; sourceTree = "<group>"; };
		6D1488651D3E332800E643EE /* AppDelegate.m */ = {isa = PBXFileReference; lastKnownFileType = sourcecode.c.objc; path = AppDelegate.m; sourceTree = "<group>"; };
		6D14886B1D3E332800E643EE /* Base */ = {isa = PBXFileReference; lastKnownFileType = file.storyboard; name = Base; path = Base.lproj/Main.storyboard; sourceTree = "<group>"; };
		6D14886D1D3E332900E643EE /* Assets.xcassets */ = {isa = PBXFileReference; lastKnownFileType = folder.assetcatalog; path = Assets.xcassets; sourceTree = "<group>"; };
		6D1488701D3E332900E643EE /* Base */ = {isa = PBXFileReference; lastKnownFileType = file.storyboard; name = Base; path = Base.lproj/LaunchScreen.storyboard; sourceTree = "<group>"; };
		6D1488721D3E332900E643EE /* Info.plist */ = {isa = PBXFileReference; lastKnownFileType = text.plist.xml; path = Info.plist; sourceTree = "<group>"; };
		6D1488781D3E333F00E643EE /* BaseViewController.h */ = {isa = PBXFileReference; fileEncoding = 4; lastKnownFileType = sourcecode.c.h; path = BaseViewController.h; sourceTree = "<group>"; };
		6D1488791D3E333F00E643EE /* BaseViewController.m */ = {isa = PBXFileReference; fileEncoding = 4; lastKnownFileType = sourcecode.c.objc; path = BaseViewController.m; sourceTree = "<group>"; };
		6D14887A1D3E333F00E643EE /* FViewController.h */ = {isa = PBXFileReference; fileEncoding = 4; lastKnownFileType = sourcecode.c.h; path = FViewController.h; sourceTree = "<group>"; };
		6D14887B1D3E333F00E643EE /* FViewController.m */ = {isa = PBXFileReference; fileEncoding = 4; lastKnownFileType = sourcecode.c.objc; path = FViewController.m; sourceTree = "<group>"; };
		6D14887C1D3E333F00E643EE /* ParentViewController.h */ = {isa = PBXFileReference; fileEncoding = 4; lastKnownFileType = sourcecode.c.h; path = ParentViewController.h; sourceTree = "<group>"; };
		6D14887D1D3E333F00E643EE /* ParentViewController.m */ = {isa = PBXFileReference; fileEncoding = 4; lastKnownFileType = sourcecode.c.objc; path = ParentViewController.m; sourceTree = "<group>"; };
		6D1488801D3E333F00E643EE /* SViewController.h */ = {isa = PBXFileReference; fileEncoding = 4; lastKnownFileType = sourcecode.c.h; path = SViewController.h; sourceTree = "<group>"; };
		6D1488811D3E333F00E643EE /* SViewController.m */ = {isa = PBXFileReference; fileEncoding = 4; lastKnownFileType = sourcecode.c.objc; path = SViewController.m; sourceTree = "<group>"; };
		6D1488821D3E333F00E643EE /* TViewController.h */ = {isa = PBXFileReference; fileEncoding = 4; lastKnownFileType = sourcecode.c.h; path = TViewController.h; sourceTree = "<group>"; };
		6D1488831D3E333F00E643EE /* TViewController.m */ = {isa = PBXFileReference; fileEncoding = 4; lastKnownFileType = sourcecode.c.objc; path = TViewController.m; sourceTree = "<group>"; };
/* End PBXFileReference section */

/* Begin PBXFrameworksBuildPhase section */
		6D14885B1D3E332800E643EE /* Frameworks */ = {
			isa = PBXFrameworksBuildPhase;
			buildActionMask = 2147483647;
			files = (
			);
			runOnlyForDeploymentPostprocessing = 0;
		};
/* End PBXFrameworksBuildPhase section */

/* Begin PBXGroup section */
		0417CC791D4DCFED006FEA04 /* Runresult */ = {
			isa = PBXGroup;
			children = (
				0417CC7A1D4DCFED006FEA04 /* TestChildVcs.mov */,
			);
			path = Runresult;
			sourceTree = "<group>";
		};
		6D1488551D3E332800E643EE = {
			isa = PBXGroup;
			children = (
				0417CC791D4DCFED006FEA04 /* Runresult */,
				6D1488601D3E332800E643EE /* TestChildVcs */,
				6D14885F1D3E332800E643EE /* Products */,
			);
			sourceTree = "<group>";
		};
		6D14885F1D3E332800E643EE /* Products */ = {
			isa = PBXGroup;
			children = (
				6D14885E1D3E332800E643EE /* TestChildVcs.app */,
			);
			name = Products;
			sourceTree = "<group>";
		};
		6D1488601D3E332800E643EE /* TestChildVcs */ = {
			isa = PBXGroup;
			children = (
				6D1488641D3E332800E643EE /* AppDelegate.h */,
				6D1488651D3E332800E643EE /* AppDelegate.m */,
				6D1488781D3E333F00E643EE /* BaseViewController.h */,
				6D1488791D3E333F00E643EE /* BaseViewController.m */,
				6D14887A1D3E333F00E643EE /* FViewController.h */,
				6D14887B1D3E333F00E643EE /* FViewController.m */,
				6D14887C1D3E333F00E643EE /* ParentViewController.h */,
				6D14887D1D3E333F00E643EE /* ParentViewController.m */,
				6D1488801D3E333F00E643EE /* SViewController.h */,
				6D1488811D3E333F00E643EE /* SViewController.m */,
				6D1488821D3E333F00E643EE /* TViewController.h */,
				6D1488831D3E333F00E643EE /* TViewController.m */,
				6D14886A1D3E332800E643EE /* Main.storyboard */,
				6D14886D1D3E332900E643EE /* Assets.xcassets */,
				6D14886F1D3E332900E643EE /* LaunchScreen.storyboard */,
				6D1488721D3E332900E643EE /* Info.plist */,
				6D1488611D3E332800E643EE /* Supporting Files */,
			);
			path = TestChildVcs;
			sourceTree = "<group>";
		};
		6D1488611D3E332800E643EE /* Supporting Files */ = {
			isa = PBXGroup;
			children = (
				6D1488621D3E332800E643EE /* main.m */,
			);
			name = "Supporting Files";
			sourceTree = "<group>";
		};
/* End PBXGroup section */

/* Begin PBXNativeTarget section */
		6D14885D1D3E332800E643EE /* TestChildVcs */ = {
			isa = PBXNativeTarget;
			buildConfigurationList = 6D1488751D3E332900E643EE /* Build configuration list for PBXNativeTarget "TestChildVcs" */;
			buildPhases = (
				6D14885A1D3E332800E643EE /* Sources */,
				6D14885B1D3E332800E643EE /* Frameworks */,
				6D14885C1D3E332800E643EE /* Resources */,
			);
			buildRules = (
			);
			dependencies = (
			);
			name = TestChildVcs;
			productName = TestChildVcs;
			productReference = 6D14885E1D3E332800E643EE /* TestChildVcs.app */;
			productType = "com.apple.product-type.application";
		};
/* End PBXNativeTarget section */

/* Begin PBXProject section */
		6D1488561D3E332800E643EE /* Project object */ = {
			isa = PBXProject;
			attributes = {
				LastUpgradeCheck = 0730;
				ORGANIZATIONNAME = knmk0002;
				TargetAttributes = {
					6D14885D1D3E332800E643EE = {
						CreatedOnToolsVersion = 7.3.1;
					};
				};
			};
			buildConfigurationList = 6D1488591D3E332800E643EE /* Build configuration list for PBXProject "TestChildVcs" */;
			compatibilityVersion = "Xcode 3.2";
			developmentRegion = English;
			hasScannedForEncodings = 0;
			knownRegions = (
				en,
				Base,
			);
			mainGroup = 6D1488551D3E332800E643EE;
			productRefGroup = 6D14885F1D3E332800E643EE /* Products */;
			projectDirPath = "";
			projectRoot = "";
			targets = (
				6D14885D1D3E332800E643EE /* TestChildVcs */,
			);
		};
/* End PBXProject section */

/* Begin PBXResourcesBuildPhase section */
		6D14885C1D3E332800E643EE /* Resources */ = {
			isa = PBXResourcesBuildPhase;
			buildActionMask = 2147483647;
			files = (
				0417CC7B1D4DCFED006FEA04 /* TestChildVcs.mov in Resources */,
				6D1488711D3E332900E643EE /* LaunchScreen.storyboard in Resources */,
				6D14886E1D3E332900E643EE /* Assets.xcassets in Resources */,
				6D14886C1D3E332800E643EE /* Main.storyboard in Resources */,
			);
			runOnlyForDeploymentPostprocessing = 0;
		};
/* End PBXResourcesBuildPhase section */

/* Begin PBXSourcesBuildPhase section */
		6D14885A1D3E332800E643EE /* Sources */ = {
			isa = PBXSourcesBuildPhase;
			buildActionMask = 2147483647;
			files = (
				6D1488881D3E333F00E643EE /* SViewController.m in Sources */,
				6D1488661D3E332800E643EE /* AppDelegate.m in Sources */,
				6D1488851D3E333F00E643EE /* FViewController.m in Sources */,
				6D1488861D3E333F00E643EE /* ParentViewController.m in Sources */,
				6D1488841D3E333F00E643EE /* BaseViewController.m in Sources */,
				6D1488631D3E332800E643EE /* main.m in Sources */,
				6D1488891D3E333F00E643EE /* TViewController.m in Sources */,
			);
			runOnlyForDeploymentPostprocessing = 0;
		};
/* End PBXSourcesBuildPhase section */

/* Begin PBXVariantGroup section */
		6D14886A1D3E332800E643EE /* Main.storyboard */ = {
			isa = PBXVariantGroup;
			children = (
				6D14886B1D3E332800E643EE /* Base */,
			);
			name = Main.storyboard;
			sourceTree = "<group>";
		};
		6D14886F1D3E332900E643EE /* LaunchScreen.storyboard */ = {
			isa = PBXVariantGroup;
			children = (
				6D1488701D3E332900E643EE /* Base */,
			);
			name = LaunchScreen.storyboard;
			sourceTree = "<group>";
		};
/* End PBXVariantGroup section */

/* Begin XCBuildConfiguration section */
		6D1488731D3E332900E643EE /* Debug */ = {
			isa = XCBuildConfiguration;
			buildSettings = {
				ALWAYS_SEARCH_USER_PATHS = NO;
				CLANG_ANALYZER_NONNULL = YES;
				CLANG_CXX_LANGUAGE_STANDARD = "gnu++0x";
				CLANG_CXX_LIBRARY = "libc++";
				CLANG_ENABLE_MODULES = YES;
				CLANG_ENABLE_OBJC_ARC = YES;
				CLANG_WARN_BOOL_CONVERSION = YES;
				CLANG_WARN_CONSTANT_CONVERSION = YES;
				CLANG_WARN_DIRECT_OBJC_ISA_USAGE = YES_ERROR;
				CLANG_WARN_EMPTY_BODY = YES;
				CLANG_WARN_ENUM_CONVERSION = YES;
				CLANG_WARN_INT_CONVERSION = YES;
				CLANG_WARN_OBJC_ROOT_CLASS = YES_ERROR;
				CLANG_WARN_UNREACHABLE_CODE = YES;
				CLANG_WARN__DUPLICATE_METHOD_MATCH = YES;
				"CODE_SIGN_IDENTITY[sdk=iphoneos*]" = "iPhone Developer";
				COPY_PHASE_STRIP = NO;
				DEBUG_INFORMATION_FORMAT = dwarf;
				ENABLE_STRICT_OBJC_MSGSEND = YES;
				ENABLE_TESTABILITY = YES;
				GCC_C_LANGUAGE_STANDARD = gnu99;
				GCC_DYNAMIC_NO_PIC = NO;
				GCC_NO_COMMON_BLOCKS = YES;
				GCC_OPTIMIZATION_LEVEL = 0;
				GCC_PREPROCESSOR_DEFINITIONS = (
					"DEBUG=1",
					"$(inherited)",
				);
				GCC_WARN_64_TO_32_BIT_CONVERSION = YES;
				GCC_WARN_ABOUT_RETURN_TYPE = YES_ERROR;
				GCC_WARN_UNDECLARED_SELECTOR = YES;
				GCC_WARN_UNINITIALIZED_AUTOS = YES_AGGRESSIVE;
				GCC_WARN_UNUSED_FUNCTION = YES;
				GCC_WARN_UNUSED_VARIABLE = YES;
				IPHONEOS_DEPLOYMENT_TARGET = 9.3;
				MTL_ENABLE_DEBUG_INFO = YES;
				ONLY_ACTIVE_ARCH = YES;
				SDKROOT = iphoneos;
			};
			name = Debug;
		};
		6D1488741D3E332900E643EE /* Release */ = {
			isa = XCBuildConfiguration;
			buildSettings = {
				ALWAYS_SEARCH_USER_PATHS = NO;
				CLANG_ANALYZER_NONNULL = YES;
				CLANG_CXX_LANGUAGE_STANDARD = "gnu++0x";
				CLANG_CXX_LIBRARY = "libc++";
				CLANG_ENABLE_MODULES = YES;
				CLANG_ENABLE_OBJC_ARC = YES;
				CLANG_WARN_BOOL_CONVERSION = YES;
				CLANG_WARN_CONSTANT_CONVERSION = YES;
				CLANG_WARN_DIRECT_OBJC_ISA_USAGE = YES_ERROR;
				CLANG_WARN_EMPTY_BODY = YES;
				CLANG_WARN_ENUM_CONVERSION = YES;
				CLANG_WARN_INT_CONVERSION = YES;
				CLANG_WARN_OBJC_ROOT_CLASS = YES_ERROR;
				CLANG_WARN_UNREACHABLE_CODE = YES;
				CLANG_WARN__DUPLICATE_METHOD_MATCH = YES;
				"CODE_SIGN_IDENTITY[sdk=iphoneos*]" = "iPhone Developer";
				COPY_PHASE_STRIP = NO;
				DEBUG_INFORMATION_FORMAT = "dwarf-with-dsym";
				ENABLE_NS_ASSERTIONS = NO;
				ENABLE_STRICT_OBJC_MSGSEND = YES;
				GCC_C_LANGUAGE_STANDARD = gnu99;
				GCC_NO_COMMON_BLOCKS = YES;
				GCC_WARN_64_TO_32_BIT_CONVERSION = YES;
				GCC_WARN_ABOUT_RETURN_TYPE = YES_ERROR;
				GCC_WARN_UNDECLARED_SELECTOR = YES;
				GCC_WARN_UNINITIALIZED_AUTOS = YES_AGGRESSIVE;
				GCC_WARN_UNUSED_FUNCTION = YES;
				GCC_WARN_UNUSED_VARIABLE = YES;
				IPHONEOS_DEPLOYMENT_TARGET = 9.3;
				MTL_ENABLE_DEBUG_INFO = NO;
				SDKROOT = iphoneos;
				VALIDATE_PRODUCT = YES;
			};
			name = Release;
		};
		6D1488761D3E332900E643EE /* Debug */ = {
			isa = XCBuildConfiguration;
			buildSettings = {
				ASSETCATALOG_COMPILER_APPICON_NAME = AppIcon;
				INFOPLIST_FILE = TestChildVcs/Info.plist;
				LD_RUNPATH_SEARCH_PATHS = "$(inherited) @executable_path/Frameworks";
				PRODUCT_BUNDLE_IDENTIFIER = knmk.TestChildVcs;
				PRODUCT_NAME = "$(TARGET_NAME)";
			};
			name = Debug;
		};
		6D1488771D3E332900E643EE /* Release */ = {
			isa = XCBuildConfiguration;
			buildSettings = {
				ASSETCATALOG_COMPILER_APPICON_NAME = AppIcon;
				INFOPLIST_FILE = TestChildVcs/Info.plist;
				LD_RUNPATH_SEARCH_PATHS = "$(inherited) @executable_path/Frameworks";
				PRODUCT_BUNDLE_IDENTIFIER = knmk.TestChildVcs;
				PRODUCT_NAME = "$(TARGET_NAME)";
			};
			name = Release;
		};
/* End XCBuildConfiguration section */

/* Begin XCConfigurationList section */
		6D1488591D3E332800E643EE /* Build configuration list for PBXProject "TestChildVcs" */ = {
			isa = XCConfigurationList;
			buildConfigurations = (
				6D1488731D3E332900E643EE /* Debug */,
				6D1488741D3E332900E643EE /* Release */,
			);
			defaultConfigurationIsVisible = 0;
			defaultConfigurationName = Release;
		};
		6D1488751D3E332900E643EE /* Build configuration list for PBXNativeTarget "TestChildVcs" */ = {
			isa = XCConfigurationList;
			buildConfigurations = (
				6D1488761D3E332900E643EE /* Debug */,
				6D1488771D3E332900E643EE /* Release */,
			);
			defaultConfigurationIsVisible = 0;
			defaultConfigurationName = Release;
		};
/* End XCConfigurationList section */
	};
	rootObject = 6D1488561D3E332800E643EE /* Project object */;
}
